
Microsoft Visual Studio Solution File, Format Version 12.00
# Visual Studio 2013
VisualStudioVersion = 12.0.31101.0
MinimumVisualStudioVersion = 10.0.40219.1
Project("{2150E333-8FDC-42A3-9474-1A3956D46DE8}") = ".nuget", ".nuget", "{C23F7A97-EAAF-433E-8FCA-4893C049BA88}"
	ProjectSection(SolutionItems) = preProject
		.nuget\nuget.config = .nuget\nuget.config
		.nuget\packages.config = .nuget\packages.config
	EndProjectSection
EndProject
Project("{2150E333-8FDC-42A3-9474-1A3956D46DE8}") = "Solution Items", "Solution Items", "{62CB4EBC-B7D7-4919-850D-4BDA4B3B4EAA}"
	ProjectSection(SolutionItems) = preProject
		build.bat = build.bat
		CommonAssemblyInfo.cs = CommonAssemblyInfo.cs
		dddlib.dictionary = dddlib.dictionary
		dddlib.msbuild = dddlib.msbuild
		dddlib.nuspec = dddlib.nuspec
		dddlib.Persistence.nuspec = dddlib.Persistence.nuspec
		dddlib.ruleset = dddlib.ruleset
		dddlib.snk = dddlib.snk
		Settings.StyleCop = Settings.StyleCop
		Version.txt = Version.txt
	EndProjectSection
EndProject
Project("{FAE04EC0-301F-11D3-BF4B-00C04F79EFBC}") = "dddlib", "dddlib\dddlib.csproj", "{57610450-0379-472E-B40C-18B11295EEFA}"
EndProject
Project("{FAE04EC0-301F-11D3-BF4B-00C04F79EFBC}") = "dddlib.Persistence", "dddlib.Persistence\dddlib.Persistence.csproj", "{E14158AF-6742-4705-81F4-455184C1A2EC}"
EndProject
Project("{2150E333-8FDC-42A3-9474-1A3956D46DE8}") = "Tests", "Tests", "{9D6B0961-943F-456B-B2FF-10650BD237F3}"
	ProjectSection(SolutionItems) = preProject
		tests\Settings.StyleCop = tests\Settings.StyleCop
	EndProjectSection
EndProject
Project("{FAE04EC0-301F-11D3-BF4B-00C04F79EFBC}") = "dddlib.Tests", "tests\dddlib.Tests\dddlib.Tests.csproj", "{2B75C09F-7812-4F56-B108-FCCE494F64A5}"
EndProject
Project("{FAE04EC0-301F-11D3-BF4B-00C04F79EFBC}") = "dddlib.Persistence.Tests", "tests\dddlib.Persistence.Tests\dddlib.Persistence.Tests.csproj", "{BD32F68E-218E-4C9B-99E8-E048C47E44E7}"
EndProject
Project("{FAE04EC0-301F-11D3-BF4B-00C04F79EFBC}") = "dddlib.Tests.Support", "tests\dddlib.Tests.Support\dddlib.Tests.Support.csproj", "{6777CB50-8686-4A93-A492-01862E07342C}"
EndProject
Global
	GlobalSection(SolutionConfigurationPlatforms) = preSolution
		Debug|Any CPU = Debug|Any CPU
		Release|Any CPU = Release|Any CPU
	EndGlobalSection
	GlobalSection(ProjectConfigurationPlatforms) = postSolution
		{57610450-0379-472E-B40C-18B11295EEFA}.Debug|Any CPU.ActiveCfg = Debug|Any CPU
		{57610450-0379-472E-B40C-18B11295EEFA}.Debug|Any CPU.Build.0 = Debug|Any CPU
		{57610450-0379-472E-B40C-18B11295EEFA}.Release|Any CPU.ActiveCfg = Release|Any CPU
		{57610450-0379-472E-B40C-18B11295EEFA}.Release|Any CPU.Build.0 = Release|Any CPU
		{E14158AF-6742-4705-81F4-455184C1A2EC}.Debug|Any CPU.ActiveCfg = Debug|Any CPU
		{E14158AF-6742-4705-81F4-455184C1A2EC}.Debug|Any CPU.Build.0 = Debug|Any CPU
		{E14158AF-6742-4705-81F4-455184C1A2EC}.Release|Any CPU.ActiveCfg = Release|Any CPU
		{E14158AF-6742-4705-81F4-455184C1A2EC}.Release|Any CPU.Build.0 = Release|Any CPU
		{2B75C09F-7812-4F56-B108-FCCE494F64A5}.Debug|Any CPU.ActiveCfg = Debug|Any CPU
		{2B75C09F-7812-4F56-B108-FCCE494F64A5}.Debug|Any CPU.Build.0 = Debug|Any CPU
		{2B75C09F-7812-4F56-B108-FCCE494F64A5}.Release|Any CPU.ActiveCfg = Debug|Any CPU
		{2B75C09F-7812-4F56-B108-FCCE494F64A5}.Release|Any CPU.Build.0 = Debug|Any CPU
		{BD32F68E-218E-4C9B-99E8-E048C47E44E7}.Debug|Any CPU.ActiveCfg = Debug|Any CPU
		{BD32F68E-218E-4C9B-99E8-E048C47E44E7}.Debug|Any CPU.Build.0 = Debug|Any CPU
		{BD32F68E-218E-4C9B-99E8-E048C47E44E7}.Release|Any CPU.ActiveCfg = Debug|Any CPU
		{BD32F68E-218E-4C9B-99E8-E048C47E44E7}.Release|Any CPU.Build.0 = Debug|Any CPU
		{6777CB50-8686-4A93-A492-01862E07342C}.Debug|Any CPU.ActiveCfg = Debug|Any CPU
		{6777CB50-8686-4A93-A492-01862E07342C}.Debug|Any CPU.Build.0 = Debug|Any CPU
		{6777CB50-8686-4A93-A492-01862E07342C}.Release|Any CPU.ActiveCfg = Debug|Any CPU
		{6777CB50-8686-4A93-A492-01862E07342C}.Release|Any CPU.Build.0 = Debug|Any CPU
	EndGlobalSection
	GlobalSection(SolutionProperties) = preSolution
		HideSolutionNode = FALSE
	EndGlobalSection
	GlobalSection(NestedProjects) = preSolution
		{2B75C09F-7812-4F56-B108-FCCE494F64A5} = {9D6B0961-943F-456B-B2FF-10650BD237F3}
		{BD32F68E-218E-4C9B-99E8-E048C47E44E7} = {9D6B0961-943F-456B-B2FF-10650BD237F3}
		{6777CB50-8686-4A93-A492-01862E07342C} = {9D6B0961-943F-456B-B2FF-10650BD237F3}
	EndGlobalSection
EndGlobal
